
Microsoft Visual Studio Solution File, Format Version 12.00
# Visual Studio 2013
VisualStudioVersion = 12.0.31101.0
MinimumVisualStudioVersion = 10.0.40219.1
Project("{FAE04EC0-301F-11D3-BF4B-00C04F79EFBC}") = "ProtoTool", "ProtoTool.csproj", "{08EAAC8A-7AEE-4C6B-909A-737E0E663EAC}"
EndProject
Project("{FAE04EC0-301F-11D3-BF4B-00C04F79EFBC}") = "ProtoTool.Protobuf", "..\Plugin\Protobuf\ProtoTool.Protobuf.csproj", "{C2AD78EC-E974-4EEB-B64A-FF2697B9D651}"
EndProject
Project("{FAE04EC0-301F-11D3-BF4B-00C04F79EFBC}") = "ProtoTool.ProtoF", "..\Plugin\ProtoF\ProtoTool.ProtoF.csproj", "{0E9D904C-AD1C-49BE-8CBA-9D8DBE5CEB99}"
EndProject
Global
	GlobalSection(SolutionConfigurationPlatforms) = preSolution
		Debug|Any CPU = Debug|Any CPU
		Release|Any CPU = Release|Any CPU
	EndGlobalSection
	GlobalSection(ProjectConfigurationPlatforms) = postSolution
		{08EAAC8A-7AEE-4C6B-909A-737E0E663EAC}.Debug|Any CPU.ActiveCfg = Debug|Any CPU
		{08EAAC8A-7AEE-4C6B-909A-737E0E663EAC}.Debug|Any CPU.Build.0 = Debug|Any CPU
		{08EAAC8A-7AEE-4C6B-909A-737E0E663EAC}.Release|Any CPU.ActiveCfg = Release|Any CPU
		{08EAAC8A-7AEE-4C6B-909A-737E0E663EAC}.Release|Any CPU.Build.0 = Release|Any CPU
		{C2AD78EC-E974-4EEB-B64A-FF2697B9D651}.Debug|Any CPU.ActiveCfg = Debug|Any CPU
		{C2AD78EC-E974-4EEB-B64A-FF2697B9D651}.Debug|Any CPU.Build.0 = Debug|Any CPU
		{C2AD78EC-E974-4EEB-B64A-FF2697B9D651}.Release|Any CPU.ActiveCfg = Release|Any CPU
		{C2AD78EC-E974-4EEB-B64A-FF2697B9D651}.Release|Any CPU.Build.0 = Release|Any CPU
		{0E9D904C-AD1C-49BE-8CBA-9D8DBE5CEB99}.Debug|Any CPU.ActiveCfg = Debug|Any CPU
		{0E9D904C-AD1C-49BE-8CBA-9D8DBE5CEB99}.Debug|Any CPU.Build.0 = Debug|Any CPU
		{0E9D904C-AD1C-49BE-8CBA-9D8DBE5CEB99}.Release|Any CPU.ActiveCfg = Release|Any CPU
		{0E9D904C-AD1C-49BE-8CBA-9D8DBE5CEB99}.Release|Any CPU.Build.0 = Release|Any CPU
	EndGlobalSection
	GlobalSection(SolutionProperties) = preSolution
		HideSolutionNode = FALSE
	EndGlobalSection
EndGlobal
